
Microsoft Visual Studio Solution File, Format Version 12.00
Project("{FAE04EC0-301F-11D3-BF4B-00C04F79EFBC}") = "Silence", "Silence.csproj", "{D571A8C2-2262-485D-BE1E-96054F4995E7}"
EndProject
Global
	GlobalSection(SolutionConfigurationPlatforms) = preSolution
		Debug|Any CPU = Debug|Any CPU
		Release|Any CPU = Release|Any CPU
	EndGlobalSection
	GlobalSection(ProjectConfigurationPlatforms) = postSolution
		{D571A8C2-2262-485D-BE1E-96054F4995E7}.Debug|Any CPU.ActiveCfg = Debug|Any CPU
		{D571A8C2-2262-485D-BE1E-96054F4995E7}.Debug|Any CPU.Build.0 = Debug|Any CPU
		{D571A8C2-2262-485D-BE1E-96054F4995E7}.Release|Any CPU.ActiveCfg = Release|Any CPU
		{D571A8C2-2262-485D-BE1E-96054F4995E7}.Release|Any CPU.Build.0 = Release|Any CPU
	EndGlobalSection
EndGlobal
